
Microsoft Visual Studio Solution File, Format Version 12.00
# Visual Studio Version 16
VisualStudioVersion = 16.0.32106.194
MinimumVisualStudioVersion = 10.0.40219.1
Project("{FAE04EC0-301F-11D3-BF4B-00C04F79EFBC}") = "Wordie.Website", "Wordie.Website\Wordie.Website.csproj", "{ABE86FEC-86EE-4983-AA47-DF2402C43FBE}"
EndProject
Global
	GlobalSection(SolutionConfigurationPlatforms) = preSolution
		Debug|Any CPU = Debug|Any CPU
		Release|Any CPU = Release|Any CPU
	EndGlobalSection
	GlobalSection(ProjectConfigurationPlatforms) = postSolution
		{ABE86FEC-86EE-4983-AA47-DF2402C43FBE}.Debug|Any CPU.ActiveCfg = Debug|Any CPU
		{ABE86FEC-86EE-4983-AA47-DF2402C43FBE}.Debug|Any CPU.Build.0 = Debug|Any CPU
		{ABE86FEC-86EE-4983-AA47-DF2402C43FBE}.Release|Any CPU.ActiveCfg = Release|Any CPU
		{ABE86FEC-86EE-4983-AA47-DF2402C43FBE}.Release|Any CPU.Build.0 = Release|Any CPU
	EndGlobalSection
	GlobalSection(SolutionProperties) = preSolution
		HideSolutionNode = FALSE
	EndGlobalSection
	GlobalSection(ExtensibilityGlobals) = postSolution
		SolutionGuid = {79AE594A-5493-4BAF-93AA-7A7C43C28584}
	EndGlobalSection
EndGlobal
